// !$*UTF8*$!
{
	archiveVersion = 1;
	classes = {
	};
	objectVersion = 56;
	objects = {

/* Begin PBXBuildFile section */
		7384B7A12953DF980030DF7E /* AppDelegate.swift in Sources */ = {isa = PBXBuildFile; fileRef = 7384B7A02953DF980030DF7E /* AppDelegate.swift */; };
		7384B7A32953DF980030DF7E /* ViewController.swift in Sources */ = {isa = PBXBuildFile; fileRef = 7384B7A22953DF980030DF7E /* ViewController.swift */; };
		7384B7A52953DF990030DF7E /* Assets.xcassets in Resources */ = {isa = PBXBuildFile; fileRef = 7384B7A42953DF990030DF7E /* Assets.xcassets */; };
		7384B7A82953DF990030DF7E /* Main.storyboard in Resources */ = {isa = PBXBuildFile; fileRef = 7384B7A62953DF990030DF7E /* Main.storyboard */; };
		7384B7B1295419C90030DF7E /* MOJSONDescription.swift in Sources */ = {isa = PBXBuildFile; fileRef = 7384B7B0295419C90030DF7E /* MOJSONDescription.swift */; };
		7384B7B7295439210030DF7E /* MOJSONConvert.swift in Sources */ = {isa = PBXBuildFile; fileRef = 7384B7B6295439210030DF7E /* MOJSONConvert.swift */; };
		7384B7B9295541590030DF7E /* String.swift in Sources */ = {isa = PBXBuildFile; fileRef = 7384B7B8295541590030DF7E /* String.swift */; };
/* End PBXBuildFile section */

/* Begin PBXFileReference section */
		7384B79D2953DF980030DF7E /* MOJSONTools.app */ = {isa = PBXFileReference; explicitFileType = wrapper.application; includeInIndex = 0; path = MOJSONTools.app; sourceTree = BUILT_PRODUCTS_DIR; };
		7384B7A02953DF980030DF7E /* AppDelegate.swift */ = {isa = PBXFileReference; lastKnownFileType = sourcecode.swift; path = AppDelegate.swift; sourceTree = "<group>"; };
		7384B7A22953DF980030DF7E /* ViewController.swift */ = {isa = PBXFileReference; lastKnownFileType = sourcecode.swift; path = ViewController.swift; sourceTree = "<group>"; };
		7384B7A42953DF990030DF7E /* Assets.xcassets */ = {isa = PBXFileReference; lastKnownFileType = folder.assetcatalog; path = Assets.xcassets; sourceTree = "<group>"; };
		7384B7A72953DF990030DF7E /* Base */ = {isa = PBXFileReference; lastKnownFileType = file.storyboard; name = Base; path = Base.lproj/Main.storyboard; sourceTree = "<group>"; };
		7384B7A92953DF990030DF7E /* MOJSONTools.entitlements */ = {isa = PBXFileReference; lastKnownFileType = text.plist.entitlements; path = MOJSONTools.entitlements; sourceTree = "<group>"; };
		7384B7B0295419C90030DF7E /* MOJSONDescription.swift */ = {isa = PBXFileReference; fileEncoding = 4; lastKnownFileType = sourcecode.swift; path = MOJSONDescription.swift; sourceTree = "<group>"; };
		7384B7B6295439210030DF7E /* MOJSONConvert.swift */ = {isa = PBXFileReference; lastKnownFileType = sourcecode.swift; path = MOJSONConvert.swift; sourceTree = "<group>"; };
		7384B7B8295541590030DF7E /* String.swift */ = {isa = PBXFileReference; lastKnownFileType = sourcecode.swift; path = String.swift; sourceTree = "<group>"; };
/* End PBXFileReference section */

/* Begin PBXFrameworksBuildPhase section */
		7384B79A2953DF980030DF7E /* Frameworks */ = {
			isa = PBXFrameworksBuildPhase;
			buildActionMask = 2147483647;
			files = (
			);
			runOnlyForDeploymentPostprocessing = 0;
		};
/* End PBXFrameworksBuildPhase section */

/* Begin PBXGroup section */
		7384B7942953DF980030DF7E = {
			isa = PBXGroup;
			children = (
				7384B79F2953DF980030DF7E /* MOJSONTools */,
				7384B79E2953DF980030DF7E /* Products */,
			);
			sourceTree = "<group>";
		};
		7384B79E2953DF980030DF7E /* Products */ = {
			isa = PBXGroup;
			children = (
				7384B79D2953DF980030DF7E /* MOJSONTools.app */,
			);
			name = Products;
			sourceTree = "<group>";
		};
		7384B79F2953DF980030DF7E /* MOJSONTools */ = {
			isa = PBXGroup;
			children = (
				7384B7AF295419B80030DF7E /* lib */,
				7384B7A02953DF980030DF7E /* AppDelegate.swift */,
				7384B7A22953DF980030DF7E /* ViewController.swift */,
				7384B7A42953DF990030DF7E /* Assets.xcassets */,
				7384B7A62953DF990030DF7E /* Main.storyboard */,
				7384B7A92953DF990030DF7E /* MOJSONTools.entitlements */,
			);
			path = MOJSONTools;
			sourceTree = "<group>";
		};
		7384B7AF295419B80030DF7E /* lib */ = {
			isa = PBXGroup;
			children = (
				7384B7B8295541590030DF7E /* String.swift */,
				7384B7B0295419C90030DF7E /* MOJSONDescription.swift */,
				7384B7B6295439210030DF7E /* MOJSONConvert.swift */,
			);
			path = lib;
			sourceTree = "<group>";
		};
/* End PBXGroup section */

/* Begin PBXNativeTarget section */
		7384B79C2953DF980030DF7E /* MOJSONTools */ = {
			isa = PBXNativeTarget;
			buildConfigurationList = 7384B7AC2953DF990030DF7E /* Build configuration list for PBXNativeTarget "MOJSONTools" */;
			buildPhases = (
				7384B7992953DF980030DF7E /* Sources */,
				7384B79A2953DF980030DF7E /* Frameworks */,
				7384B79B2953DF980030DF7E /* Resources */,
			);
			buildRules = (
			);
			dependencies = (
			);
			name = MOJSONTools;
			productName = MOJSONTools;
			productReference = 7384B79D2953DF980030DF7E /* MOJSONTools.app */;
			productType = "com.apple.product-type.application";
		};
/* End PBXNativeTarget section */

/* Begin PBXProject section */
		7384B7952953DF980030DF7E /* Project object */ = {
			isa = PBXProject;
			attributes = {
				BuildIndependentTargetsInParallel = 1;
				LastSwiftUpdateCheck = 1420;
				LastUpgradeCheck = 1420;
				TargetAttributes = {
					7384B79C2953DF980030DF7E = {
						CreatedOnToolsVersion = 14.2;
					};
				};
			};
			buildConfigurationList = 7384B7982953DF980030DF7E /* Build configuration list for PBXProject "MOJSONTools" */;
			compatibilityVersion = "Xcode 14.0";
			developmentRegion = en;
			hasScannedForEncodings = 0;
			knownRegions = (
				en,
				Base,
			);
			mainGroup = 7384B7942953DF980030DF7E;
			productRefGroup = 7384B79E2953DF980030DF7E /* Products */;
			projectDirPath = "";
			projectRoot = "";
			targets = (
				7384B79C2953DF980030DF7E /* MOJSONTools */,
			);
		};
/* End PBXProject section */

/* Begin PBXResourcesBuildPhase section */
		7384B79B2953DF980030DF7E /* Resources */ = {
			isa = PBXResourcesBuildPhase;
			buildActionMask = 2147483647;
			files = (
				7384B7A52953DF990030DF7E /* Assets.xcassets in Resources */,
				7384B7A82953DF990030DF7E /* Main.storyboard in Resources */,
			);
			runOnlyForDeploymentPostprocessing = 0;
		};
/* End PBXResourcesBuildPhase section */

/* Begin PBXSourcesBuildPhase section */
		7384B7992953DF980030DF7E /* Sources */ = {
			isa = PBXSourcesBuildPhase;
			buildActionMask = 2147483647;
			files = (
				7384B7B1295419C90030DF7E /* MOJSONDescription.swift in Sources */,
				7384B7B7295439210030DF7E /* MOJSONConvert.swift in Sources */,
				7384B7A32953DF980030DF7E /* ViewController.swift in Sources */,
				7384B7A12953DF980030DF7E /* AppDelegate.swift in Sources */,
				7384B7B9295541590030DF7E /* String.swift in Sources */,
			);
			runOnlyForDeploymentPostprocessing = 0;
		};
/* End PBXSourcesBuildPhase section */

/* Begin PBXVariantGroup section */
		7384B7A62953DF990030DF7E /* Main.storyboard */ = {
			isa = PBXVariantGroup;
			children = (
				7384B7A72953DF990030DF7E /* Base */,
			);
			name = Main.storyboard;
			sourceTree = "<group>";
		};
/* End PBXVariantGroup section */

/* Begin XCBuildConfiguration section */
		7384B7AA2953DF990030DF7E /* Debug */ = {
			isa = XCBuildConfiguration;
			buildSettings = {
				ALWAYS_SEARCH_USER_PATHS = NO;
				CLANG_ANALYZER_NONNULL = YES;
				CLANG_ANALYZER_NUMBER_OBJECT_CONVERSION = YES_AGGRESSIVE;
				CLANG_CXX_LANGUAGE_STANDARD = "gnu++20";
				CLANG_ENABLE_MODULES = YES;
				CLANG_ENABLE_OBJC_ARC = YES;
				CLANG_ENABLE_OBJC_WEAK = YES;
				CLANG_WARN_BLOCK_CAPTURE_AUTORELEASING = YES;
				CLANG_WARN_BOOL_CONVERSION = YES;
				CLANG_WARN_COMMA = YES;
				CLANG_WARN_CONSTANT_CONVERSION = YES;
				CLANG_WARN_DEPRECATED_OBJC_IMPLEMENTATIONS = YES;
				CLANG_WARN_DIRECT_OBJC_ISA_USAGE = YES_ERROR;
				CLANG_WARN_DOCUMENTATION_COMMENTS = YES;
				CLANG_WARN_EMPTY_BODY = YES;
				CLANG_WARN_ENUM_CONVERSION = YES;
				CLANG_WARN_INFINITE_RECURSION = YES;
				CLANG_WARN_INT_CONVERSION = YES;
				CLANG_WARN_NON_LITERAL_NULL_CONVERSION = YES;
				CLANG_WARN_OBJC_IMPLICIT_RETAIN_SELF = YES;
				CLANG_WARN_OBJC_LITERAL_CONVERSION = YES;
				CLANG_WARN_OBJC_ROOT_CLASS = YES_ERROR;
				CLANG_WARN_QUOTED_INCLUDE_IN_FRAMEWORK_HEADER = YES;
				CLANG_WARN_RANGE_LOOP_ANALYSIS = YES;
				CLANG_WARN_STRICT_PROTOTYPES = YES;
				CLANG_WARN_SUSPICIOUS_MOVE = YES;
				CLANG_WARN_UNGUARDED_AVAILABILITY = YES_AGGRESSIVE;
				CLANG_WARN_UNREACHABLE_CODE = YES;
				CLANG_WARN__DUPLICATE_METHOD_MATCH = YES;
				COPY_PHASE_STRIP = NO;
				DEBUG_INFORMATION_FORMAT = dwarf;
				ENABLE_STRICT_OBJC_MSGSEND = YES;
				ENABLE_TESTABILITY = YES;
				GCC_C_LANGUAGE_STANDARD = gnu11;
				GCC_DYNAMIC_NO_PIC = NO;
				GCC_NO_COMMON_BLOCKS = YES;
				GCC_OPTIMIZATION_LEVEL = 0;
				GCC_PREPROCESSOR_DEFINITIONS = (
					"DEBUG=1",
					"$(inherited)",
				);
				GCC_WARN_64_TO_32_BIT_CONVERSION = YES;
				GCC_WARN_ABOUT_RETURN_TYPE = YES_ERROR;
				GCC_WARN_UNDECLARED_SELECTOR = YES;
				GCC_WARN_UNINITIALIZED_AUTOS = YES_AGGRESSIVE;
				GCC_WARN_UNUSED_FUNCTION = YES;
				GCC_WARN_UNUSED_VARIABLE = YES;
				MACOSX_DEPLOYMENT_TARGET = 13.1;
				MTL_ENABLE_DEBUG_INFO = INCLUDE_SOURCE;
				MTL_FAST_MATH = YES;
				ONLY_ACTIVE_ARCH = YES;
				SDKROOT = macosx;
				SWIFT_ACTIVE_COMPILATION_CONDITIONS = DEBUG;
				SWIFT_OPTIMIZATION_LEVEL = "-Onone";
			};
			name = Debug;
		};
		7384B7AB2953DF990030DF7E /* Release */ = {
			isa = XCBuildConfiguration;
			buildSettings = {
				ALWAYS_SEARCH_USER_PATHS = NO;
				CLANG_ANALYZER_NONNULL = YES;
				CLANG_ANALYZER_NUMBER_OBJECT_CONVERSION = YES_AGGRESSIVE;
				CLANG_CXX_LANGUAGE_STANDARD = "gnu++20";
				CLANG_ENABLE_MODULES = YES;
				CLANG_ENABLE_OBJC_ARC = YES;
				CLANG_ENABLE_OBJC_WEAK = YES;
				CLANG_WARN_BLOCK_CAPTURE_AUTORELEASING = YES;
				CLANG_WARN_BOOL_CONVERSION = YES;
				CLANG_WARN_COMMA = YES;
				CLANG_WARN_CONSTANT_CONVERSION = YES;
				CLANG_WARN_DEPRECATED_OBJC_IMPLEMENTATIONS = YES;
				CLANG_WARN_DIRECT_OBJC_ISA_USAGE = YES_ERROR;
				CLANG_WARN_DOCUMENTATION_COMMENTS = YES;
				CLANG_WARN_EMPTY_BODY = YES;
				CLANG_WARN_ENUM_CONVERSION = YES;
				CLANG_WARN_INFINITE_RECURSION = YES;
				CLANG_WARN_INT_CONVERSION = YES;
				CLANG_WARN_NON_LITERAL_NULL_CONVERSION = YES;
				CLANG_WARN_OBJC_IMPLICIT_RETAIN_SELF = YES;
				CLANG_WARN_OBJC_LITERAL_CONVERSION = YES;
				CLANG_WARN_OBJC_ROOT_CLASS = YES_ERROR;
				CLANG_WARN_QUOTED_INCLUDE_IN_FRAMEWORK_HEADER = YES;
				CLANG_WARN_RANGE_LOOP_ANALYSIS = YES;
				CLANG_WARN_STRICT_PROTOTYPES = YES;
				CLANG_WARN_SUSPICIOUS_MOVE = YES;
				CLANG_WARN_UNGUARDED_AVAILABILITY = YES_AGGRESSIVE;
				CLANG_WARN_UNREACHABLE_CODE = YES;
				CLANG_WARN__DUPLICATE_METHOD_MATCH = YES;
				COPY_PHASE_STRIP = NO;
				DEBUG_INFORMATION_FORMAT = "dwarf-with-dsym";
				ENABLE_NS_ASSERTIONS = NO;
				ENABLE_STRICT_OBJC_MSGSEND = YES;
				GCC_C_LANGUAGE_STANDARD = gnu11;
				GCC_NO_COMMON_BLOCKS = YES;
				GCC_WARN_64_TO_32_BIT_CONVERSION = YES;
				GCC_WARN_ABOUT_RETURN_TYPE = YES_ERROR;
				GCC_WARN_UNDECLARED_SELECTOR = YES;
				GCC_WARN_UNINITIALIZED_AUTOS = YES_AGGRESSIVE;
				GCC_WARN_UNUSED_FUNCTION = YES;
				GCC_WARN_UNUSED_VARIABLE = YES;
				MACOSX_DEPLOYMENT_TARGET = 13.1;
				MTL_ENABLE_DEBUG_INFO = NO;
				MTL_FAST_MATH = YES;
				SDKROOT = macosx;
				SWIFT_COMPILATION_MODE = wholemodule;
				SWIFT_OPTIMIZATION_LEVEL = "-O";
			};
			name = Release;
		};
		7384B7AD2953DF990030DF7E /* Debug */ = {
			isa = XCBuildConfiguration;
			buildSettings = {
				ASSETCATALOG_COMPILER_APPICON_NAME = AppIcon;
				ASSETCATALOG_COMPILER_GLOBAL_ACCENT_COLOR_NAME = AccentColor;
				CODE_SIGN_ENTITLEMENTS = MOJSONTools/MOJSONTools.entitlements;
				CODE_SIGN_STYLE = Automatic;
				COMBINE_HIDPI_IMAGES = YES;
				CURRENT_PROJECT_VERSION = 1;
				GENERATE_INFOPLIST_FILE = YES;
				INFOPLIST_KEY_NSHumanReadableCopyright = "";
				INFOPLIST_KEY_NSMainStoryboardFile = Main;
				INFOPLIST_KEY_NSPrincipalClass = NSApplication;
				LD_RUNPATH_SEARCH_PATHS = (
					"$(inherited)",
					"@executable_path/../Frameworks",
				);
				MACOSX_DEPLOYMENT_TARGET = 10.13;
				MARKETING_VERSION = 1.0;
				PRODUCT_BUNDLE_IDENTIFIER = "-.MOJSONTools";
				PRODUCT_NAME = "$(TARGET_NAME)";
				SWIFT_EMIT_LOC_STRINGS = YES;
				SWIFT_VERSION = 5.0;
			};
			name = Debug;
		};
		7384B7AE2953DF990030DF7E /* Release */ = {
			isa = XCBuildConfiguration;
			buildSettings = {
				ASSETCATALOG_COMPILER_APPICON_NAME = AppIcon;
				ASSETCATALOG_COMPILER_GLOBAL_ACCENT_COLOR_NAME = AccentColor;
				CODE_SIGN_ENTITLEMENTS = MOJSONTools/MOJSONTools.entitlements;
				CODE_SIGN_STYLE = Automatic;
				COMBINE_HIDPI_IMAGES = YES;
				CURRENT_PROJECT_VERSION = 1;
				GENERATE_INFOPLIST_FILE = YES;
				INFOPLIST_KEY_NSHumanReadableCopyright = "";
				INFOPLIST_KEY_NSMainStoryboardFile = Main;
				INFOPLIST_KEY_NSPrincipalClass = NSApplication;
				LD_RUNPATH_SEARCH_PATHS = (
					"$(inherited)",
					"@executable_path/../Frameworks",
				);
				MACOSX_DEPLOYMENT_TARGET = 10.13;
				MARKETING_VERSION = 1.0;
				PRODUCT_BUNDLE_IDENTIFIER = "-.MOJSONTools";
				PRODUCT_NAME = "$(TARGET_NAME)";
				SWIFT_EMIT_LOC_STRINGS = YES;
				SWIFT_VERSION = 5.0;
			};
			name = Release;
		};
/* End XCBuildConfiguration section */

/* Begin XCConfigurationList section */
		7384B7982953DF980030DF7E /* Build configuration list for PBXProject "MOJSONTools" */ = {
			isa = XCConfigurationList;
			buildConfigurations = (
				7384B7AA2953DF990030DF7E /* Debug */,
				7384B7AB2953DF990030DF7E /* Release */,
			);
			defaultConfigurationIsVisible = 0;
			defaultConfigurationName = Release;
		};
		7384B7AC2953DF990030DF7E /* Build configuration list for PBXNativeTarget "MOJSONTools" */ = {
			isa = XCConfigurationList;
			buildConfigurations = (
				7384B7AD2953DF990030DF7E /* Debug */,
				7384B7AE2953DF990030DF7E /* Release */,
			);
			defaultConfigurationIsVisible = 0;
			defaultConfigurationName = Release;
		};
/* End XCConfigurationList section */
	};
	rootObject = 7384B7952953DF980030DF7E /* Project object */;
}
